
Microsoft Visual Studio Solution File, Format Version 12.00
# Visual Studio Version 17
VisualStudioVersion = 17.13.35825.156 d17.13
MinimumVisualStudioVersion = 10.0.40219.1
Project("{FAE04EC0-301F-11D3-BF4B-00C04F79EFBC}") = "TylerVest_Service", "TylerVest_Service\TylerVest_Service.csproj", "{DDCD48F3-EDD9-42D0-B86D-AAE3715D2CEC}"
EndProject
Global
	GlobalSection(SolutionConfigurationPlatforms) = preSolution
		Debug|Any CPU = Debug|Any CPU
		Release|Any CPU = Release|Any CPU
	EndGlobalSection
	GlobalSection(ProjectConfigurationPlatforms) = postSolution
		{DDCD48F3-EDD9-42D0-B86D-AAE3715D2CEC}.Debug|Any CPU.ActiveCfg = Debug|Any CPU
		{DDCD48F3-EDD9-42D0-B86D-AAE3715D2CEC}.Debug|Any CPU.Build.0 = Debug|Any CPU
		{DDCD48F3-EDD9-42D0-B86D-AAE3715D2CEC}.Release|Any CPU.ActiveCfg = Release|Any CPU
		{DDCD48F3-EDD9-42D0-B86D-AAE3715D2CEC}.Release|Any CPU.Build.0 = Release|Any CPU
	EndGlobalSection
	GlobalSection(SolutionProperties) = preSolution
		HideSolutionNode = FALSE
	EndGlobalSection
	GlobalSection(ExtensibilityGlobals) = postSolution
		SolutionGuid = {CDFE73D2-A3FB-48AA-B588-2B0FAF4156E7}
	EndGlobalSection
EndGlobal
